// !$*UTF8*$!
{
	archiveVersion = 1;
	classes = {
	};
	objectVersion = 50;
	objects = {

/* Begin PBXBuildFile section */
		78AFA680212D5964003B6217 /* OpenWeatherCredentials.swift in Sources */ = {isa = PBXBuildFile; fileRef = 78AFA67F212D5964003B6217 /* OpenWeatherCredentials.swift */; };
		78AFA682212D8526003B6217 /* IconService.swift in Sources */ = {isa = PBXBuildFile; fileRef = 78AFA681212D8526003B6217 /* IconService.swift */; };
		78AFA684212D8537003B6217 /* BaseOpenWeatherService.swift in Sources */ = {isa = PBXBuildFile; fileRef = 78AFA683212D8537003B6217 /* BaseOpenWeatherService.swift */; };
		78AFA686212D85CE003B6217 /* OpenWeatherServiceModel.swift in Sources */ = {isa = PBXBuildFile; fileRef = 78AFA685212D85CE003B6217 /* OpenWeatherServiceModel.swift */; };
		78AFA689212D9279003B6217 /* ForecastViewModel.swift in Sources */ = {isa = PBXBuildFile; fileRef = 78AFA688212D9279003B6217 /* ForecastViewModel.swift */; };
		78AFA68B212D92F4003B6217 /* ObservableField.swift in Sources */ = {isa = PBXBuildFile; fileRef = 78AFA68A212D92F4003B6217 /* ObservableField.swift */; };
		78AFA68D212DB1FF003B6217 /* ForecastViewModelFactory.swift in Sources */ = {isa = PBXBuildFile; fileRef = 78AFA68C212DB1FF003B6217 /* ForecastViewModelFactory.swift */; };
		EA069B37212DC08B0096266C /* WeatherDayTableViewCell.xib in Resources */ = {isa = PBXBuildFile; fileRef = EA069B36212DC08B0096266C /* WeatherDayTableViewCell.xib */; };
		EA069B39212DC0C00096266C /* WeatherDayTableViewCell.swift in Sources */ = {isa = PBXBuildFile; fileRef = EA069B38212DC0C00096266C /* WeatherDayTableViewCell.swift */; };
		EA069B3C212DC7860096266C /* WeatherImageLoader.swift in Sources */ = {isa = PBXBuildFile; fileRef = EA069B3B212DC7860096266C /* WeatherImageLoader.swift */; };
		EA069B3E212DCAA90096266C /* WeatherImageLoaderFactory.swift in Sources */ = {isa = PBXBuildFile; fileRef = EA069B3D212DCAA90096266C /* WeatherImageLoaderFactory.swift */; };
		EA069B40212DD0300096266C /* HourWeatherCollectionViewCell.xib in Resources */ = {isa = PBXBuildFile; fileRef = EA069B3F212DD0300096266C /* HourWeatherCollectionViewCell.xib */; };
		EA069B42212DD11A0096266C /* HourWeatherCollectionViewCell.swift in Sources */ = {isa = PBXBuildFile; fileRef = EA069B41212DD11A0096266C /* HourWeatherCollectionViewCell.swift */; };
		EA18F44F212C7401007AEB93 /* AppDelegate.swift in Sources */ = {isa = PBXBuildFile; fileRef = EA18F44E212C7401007AEB93 /* AppDelegate.swift */; };
		EA18F451212C7401007AEB93 /* RootViewController.swift in Sources */ = {isa = PBXBuildFile; fileRef = EA18F450212C7401007AEB93 /* RootViewController.swift */; };
		EA18F453212C7401007AEB93 /* ForecastViewController.swift in Sources */ = {isa = PBXBuildFile; fileRef = EA18F452212C7401007AEB93 /* ForecastViewController.swift */; };
		EA18F455212C7401007AEB93 /* ModelController.swift in Sources */ = {isa = PBXBuildFile; fileRef = EA18F454212C7401007AEB93 /* ModelController.swift */; };
		EA18F458212C7401007AEB93 /* Main.storyboard in Resources */ = {isa = PBXBuildFile; fileRef = EA18F456212C7401007AEB93 /* Main.storyboard */; };
		EA18F45A212C7405007AEB93 /* Assets.xcassets in Resources */ = {isa = PBXBuildFile; fileRef = EA18F459212C7405007AEB93 /* Assets.xcassets */; };
		EA18F45D212C7405007AEB93 /* LaunchScreen.storyboard in Resources */ = {isa = PBXBuildFile; fileRef = EA18F45B212C7405007AEB93 /* LaunchScreen.storyboard */; };
		EA18F468212C7405007AEB93 /* OpenWeatherAppTests.swift in Sources */ = {isa = PBXBuildFile; fileRef = EA18F467212C7405007AEB93 /* OpenWeatherAppTests.swift */; };
		EA18F473212C7852007AEB93 /* MapViewController.swift in Sources */ = {isa = PBXBuildFile; fileRef = EA18F472212C7852007AEB93 /* MapViewController.swift */; };
		EA18F476212C9641007AEB93 /* CoreLocation.framework in Frameworks */ = {isa = PBXBuildFile; fileRef = EA18F475212C9641007AEB93 /* CoreLocation.framework */; };
		EA18F47A212D2FFB007AEB93 /* Observables.swift in Sources */ = {isa = PBXBuildFile; fileRef = EA18F479212D2FFB007AEB93 /* Observables.swift */; };
		EA18F47C212D374C007AEB93 /* NetworkStack.swift in Sources */ = {isa = PBXBuildFile; fileRef = EA18F47B212D374C007AEB93 /* NetworkStack.swift */; };
		EA18F47E212D3981007AEB93 /* URLSessionNetworkStack.swift in Sources */ = {isa = PBXBuildFile; fileRef = EA18F47D212D3981007AEB93 /* URLSessionNetworkStack.swift */; };
		EA18F481212D41A9007AEB93 /* FiveDayForecastService.swift in Sources */ = {isa = PBXBuildFile; fileRef = EA18F480212D41A9007AEB93 /* FiveDayForecastService.swift */; };
/* End PBXBuildFile section */

/* Begin PBXContainerItemProxy section */
		EA18F464212C7405007AEB93 /* PBXContainerItemProxy */ = {
			isa = PBXContainerItemProxy;
			containerPortal = EA18F443212C7401007AEB93 /* Project object */;
			proxyType = 1;
			remoteGlobalIDString = EA18F44A212C7401007AEB93;
			remoteInfo = OpenWeatherApp;
		};
/* End PBXContainerItemProxy section */

/* Begin PBXFileReference section */
		78AFA67F212D5964003B6217 /* OpenWeatherCredentials.swift */ = {isa = PBXFileReference; lastKnownFileType = sourcecode.swift; path = OpenWeatherCredentials.swift; sourceTree = "<group>"; };
		78AFA681212D8526003B6217 /* IconService.swift */ = {isa = PBXFileReference; lastKnownFileType = sourcecode.swift; path = IconService.swift; sourceTree = "<group>"; };
		78AFA683212D8537003B6217 /* BaseOpenWeatherService.swift */ = {isa = PBXFileReference; lastKnownFileType = sourcecode.swift; path = BaseOpenWeatherService.swift; sourceTree = "<group>"; };
		78AFA685212D85CE003B6217 /* OpenWeatherServiceModel.swift */ = {isa = PBXFileReference; lastKnownFileType = sourcecode.swift; path = OpenWeatherServiceModel.swift; sourceTree = "<group>"; };
		78AFA688212D9279003B6217 /* ForecastViewModel.swift */ = {isa = PBXFileReference; lastKnownFileType = sourcecode.swift; path = ForecastViewModel.swift; sourceTree = "<group>"; };
		78AFA68A212D92F4003B6217 /* ObservableField.swift */ = {isa = PBXFileReference; lastKnownFileType = sourcecode.swift; path = ObservableField.swift; sourceTree = "<group>"; };
		78AFA68C212DB1FF003B6217 /* ForecastViewModelFactory.swift */ = {isa = PBXFileReference; lastKnownFileType = sourcecode.swift; path = ForecastViewModelFactory.swift; sourceTree = "<group>"; };
		EA069B36212DC08B0096266C /* WeatherDayTableViewCell.xib */ = {isa = PBXFileReference; lastKnownFileType = file.xib; path = WeatherDayTableViewCell.xib; sourceTree = "<group>"; };
		EA069B38212DC0C00096266C /* WeatherDayTableViewCell.swift */ = {isa = PBXFileReference; lastKnownFileType = sourcecode.swift; path = WeatherDayTableViewCell.swift; sourceTree = "<group>"; };
		EA069B3B212DC7860096266C /* WeatherImageLoader.swift */ = {isa = PBXFileReference; lastKnownFileType = sourcecode.swift; path = WeatherImageLoader.swift; sourceTree = "<group>"; };
		EA069B3D212DCAA90096266C /* WeatherImageLoaderFactory.swift */ = {isa = PBXFileReference; lastKnownFileType = sourcecode.swift; path = WeatherImageLoaderFactory.swift; sourceTree = "<group>"; };
		EA069B3F212DD0300096266C /* HourWeatherCollectionViewCell.xib */ = {isa = PBXFileReference; lastKnownFileType = file.xib; path = HourWeatherCollectionViewCell.xib; sourceTree = "<group>"; };
		EA069B41212DD11A0096266C /* HourWeatherCollectionViewCell.swift */ = {isa = PBXFileReference; lastKnownFileType = sourcecode.swift; path = HourWeatherCollectionViewCell.swift; sourceTree = "<group>"; };
		EA18F44B212C7401007AEB93 /* OpenWeatherApp.app */ = {isa = PBXFileReference; explicitFileType = wrapper.application; includeInIndex = 0; path = OpenWeatherApp.app; sourceTree = BUILT_PRODUCTS_DIR; };
		EA18F44E212C7401007AEB93 /* AppDelegate.swift */ = {isa = PBXFileReference; lastKnownFileType = sourcecode.swift; path = AppDelegate.swift; sourceTree = "<group>"; };
		EA18F450212C7401007AEB93 /* RootViewController.swift */ = {isa = PBXFileReference; lastKnownFileType = sourcecode.swift; path = RootViewController.swift; sourceTree = "<group>"; };
		EA18F452212C7401007AEB93 /* ForecastViewController.swift */ = {isa = PBXFileReference; lastKnownFileType = sourcecode.swift; path = ForecastViewController.swift; sourceTree = "<group>"; };
		EA18F454212C7401007AEB93 /* ModelController.swift */ = {isa = PBXFileReference; lastKnownFileType = sourcecode.swift; path = ModelController.swift; sourceTree = "<group>"; };
		EA18F457212C7401007AEB93 /* Base */ = {isa = PBXFileReference; lastKnownFileType = file.storyboard; name = Base; path = Base.lproj/Main.storyboard; sourceTree = "<group>"; };
		EA18F459212C7405007AEB93 /* Assets.xcassets */ = {isa = PBXFileReference; lastKnownFileType = folder.assetcatalog; path = Assets.xcassets; sourceTree = "<group>"; };
		EA18F45C212C7405007AEB93 /* Base */ = {isa = PBXFileReference; lastKnownFileType = file.storyboard; name = Base; path = Base.lproj/LaunchScreen.storyboard; sourceTree = "<group>"; };
		EA18F45E212C7405007AEB93 /* Info.plist */ = {isa = PBXFileReference; lastKnownFileType = text.plist.xml; path = Info.plist; sourceTree = "<group>"; };
		EA18F463212C7405007AEB93 /* OpenWeatherAppTests.xctest */ = {isa = PBXFileReference; explicitFileType = wrapper.cfbundle; includeInIndex = 0; path = OpenWeatherAppTests.xctest; sourceTree = BUILT_PRODUCTS_DIR; };
		EA18F467212C7405007AEB93 /* OpenWeatherAppTests.swift */ = {isa = PBXFileReference; lastKnownFileType = sourcecode.swift; path = OpenWeatherAppTests.swift; sourceTree = "<group>"; };
		EA18F469212C7405007AEB93 /* Info.plist */ = {isa = PBXFileReference; lastKnownFileType = text.plist.xml; path = Info.plist; sourceTree = "<group>"; };
		EA18F472212C7852007AEB93 /* MapViewController.swift */ = {isa = PBXFileReference; lastKnownFileType = sourcecode.swift; path = MapViewController.swift; sourceTree = "<group>"; };
		EA18F475212C9641007AEB93 /* CoreLocation.framework */ = {isa = PBXFileReference; lastKnownFileType = wrapper.framework; name = CoreLocation.framework; path = System/Library/Frameworks/CoreLocation.framework; sourceTree = SDKROOT; };
		EA18F479212D2FFB007AEB93 /* Observables.swift */ = {isa = PBXFileReference; lastKnownFileType = sourcecode.swift; path = Observables.swift; sourceTree = "<group>"; };
		EA18F47B212D374C007AEB93 /* NetworkStack.swift */ = {isa = PBXFileReference; lastKnownFileType = sourcecode.swift; path = NetworkStack.swift; sourceTree = "<group>"; };
		EA18F47D212D3981007AEB93 /* URLSessionNetworkStack.swift */ = {isa = PBXFileReference; lastKnownFileType = sourcecode.swift; path = URLSessionNetworkStack.swift; sourceTree = "<group>"; };
		EA18F480212D41A9007AEB93 /* FiveDayForecastService.swift */ = {isa = PBXFileReference; lastKnownFileType = sourcecode.swift; path = FiveDayForecastService.swift; sourceTree = "<group>"; };
/* End PBXFileReference section */

/* Begin PBXFrameworksBuildPhase section */
		EA18F448212C7401007AEB93 /* Frameworks */ = {
			isa = PBXFrameworksBuildPhase;
			buildActionMask = 2147483647;
			files = (
				EA18F476212C9641007AEB93 /* CoreLocation.framework in Frameworks */,
			);
			runOnlyForDeploymentPostprocessing = 0;
		};
		EA18F460212C7405007AEB93 /* Frameworks */ = {
			isa = PBXFrameworksBuildPhase;
			buildActionMask = 2147483647;
			files = (
			);
			runOnlyForDeploymentPostprocessing = 0;
		};
/* End PBXFrameworksBuildPhase section */

/* Begin PBXGroup section */
		78AFA687212D9269003B6217 /* ViewModel */ = {
			isa = PBXGroup;
			children = (
				78AFA688212D9279003B6217 /* ForecastViewModel.swift */,
				78AFA68A212D92F4003B6217 /* ObservableField.swift */,
				78AFA68C212DB1FF003B6217 /* ForecastViewModelFactory.swift */,
			);
			path = ViewModel;
			sourceTree = "<group>";
		};
		EA069B35212DBFFC0096266C /* Cells */ = {
			isa = PBXGroup;
			children = (
				EA069B36212DC08B0096266C /* WeatherDayTableViewCell.xib */,
				EA069B38212DC0C00096266C /* WeatherDayTableViewCell.swift */,
				EA069B3F212DD0300096266C /* HourWeatherCollectionViewCell.xib */,
				EA069B41212DD11A0096266C /* HourWeatherCollectionViewCell.swift */,
			);
			path = Cells;
			sourceTree = "<group>";
		};
		EA069B3A212DC7700096266C /* ImageLoader */ = {
			isa = PBXGroup;
			children = (
				EA069B3B212DC7860096266C /* WeatherImageLoader.swift */,
				EA069B3D212DCAA90096266C /* WeatherImageLoaderFactory.swift */,
			);
			path = ImageLoader;
			sourceTree = "<group>";
		};
		EA18F442212C7401007AEB93 = {
			isa = PBXGroup;
			children = (
				EA18F44D212C7401007AEB93 /* OpenWeatherApp */,
				EA18F466212C7405007AEB93 /* OpenWeatherAppTests */,
				EA18F44C212C7401007AEB93 /* Products */,
				EA18F474212C9640007AEB93 /* Frameworks */,
			);
			sourceTree = "<group>";
		};
		EA18F44C212C7401007AEB93 /* Products */ = {
			isa = PBXGroup;
			children = (
				EA18F44B212C7401007AEB93 /* OpenWeatherApp.app */,
				EA18F463212C7405007AEB93 /* OpenWeatherAppTests.xctest */,
			);
			name = Products;
			sourceTree = "<group>";
		};
		EA18F44D212C7401007AEB93 /* OpenWeatherApp */ = {
			isa = PBXGroup;
			children = (
				EA069B3A212DC7700096266C /* ImageLoader */,
				EA069B35212DBFFC0096266C /* Cells */,
				78AFA687212D9269003B6217 /* ViewModel */,
				EA18F47F212D4196007AEB93 /* Services */,
				EA18F478212D2FC6007AEB93 /* Network */,
				EA18F477212D2FAF007AEB93 /* View Controllers */,
				EA18F44E212C7401007AEB93 /* AppDelegate.swift */,
				EA18F454212C7401007AEB93 /* ModelController.swift */,
				EA18F456212C7401007AEB93 /* Main.storyboard */,
				EA18F459212C7405007AEB93 /* Assets.xcassets */,
				EA18F45B212C7405007AEB93 /* LaunchScreen.storyboard */,
				EA18F45E212C7405007AEB93 /* Info.plist */,
			);
			path = OpenWeatherApp;
			sourceTree = "<group>";
		};
		EA18F466212C7405007AEB93 /* OpenWeatherAppTests */ = {
			isa = PBXGroup;
			children = (
				EA18F467212C7405007AEB93 /* OpenWeatherAppTests.swift */,
				EA18F469212C7405007AEB93 /* Info.plist */,
			);
			path = OpenWeatherAppTests;
			sourceTree = "<group>";
		};
		EA18F474212C9640007AEB93 /* Frameworks */ = {
			isa = PBXGroup;
			children = (
				EA18F475212C9641007AEB93 /* CoreLocation.framework */,
			);
			name = Frameworks;
			sourceTree = "<group>";
		};
		EA18F477212D2FAF007AEB93 /* View Controllers */ = {
			isa = PBXGroup;
			children = (
				EA18F450212C7401007AEB93 /* RootViewController.swift */,
				EA18F452212C7401007AEB93 /* ForecastViewController.swift */,
				EA18F472212C7852007AEB93 /* MapViewController.swift */,
			);
			path = "View Controllers";
			sourceTree = "<group>";
		};
		EA18F478212D2FC6007AEB93 /* Network */ = {
			isa = PBXGroup;
			children = (
				EA18F479212D2FFB007AEB93 /* Observables.swift */,
				EA18F47B212D374C007AEB93 /* NetworkStack.swift */,
				EA18F47D212D3981007AEB93 /* URLSessionNetworkStack.swift */,
			);
			path = Network;
			sourceTree = "<group>";
		};
		EA18F47F212D4196007AEB93 /* Services */ = {
			isa = PBXGroup;
			children = (
				EA18F480212D41A9007AEB93 /* FiveDayForecastService.swift */,
				78AFA67F212D5964003B6217 /* OpenWeatherCredentials.swift */,
				78AFA681212D8526003B6217 /* IconService.swift */,
				78AFA683212D8537003B6217 /* BaseOpenWeatherService.swift */,
				78AFA685212D85CE003B6217 /* OpenWeatherServiceModel.swift */,
			);
			path = Services;
			sourceTree = "<group>";
		};
/* End PBXGroup section */

/* Begin PBXNativeTarget section */
		EA18F44A212C7401007AEB93 /* OpenWeatherApp */ = {
			isa = PBXNativeTarget;
			buildConfigurationList = EA18F46C212C7405007AEB93 /* Build configuration list for PBXNativeTarget "OpenWeatherApp" */;
			buildPhases = (
				EA18F447212C7401007AEB93 /* Sources */,
				EA18F448212C7401007AEB93 /* Frameworks */,
				EA18F449212C7401007AEB93 /* Resources */,
			);
			buildRules = (
			);
			dependencies = (
			);
			name = OpenWeatherApp;
			productName = OpenWeatherApp;
			productReference = EA18F44B212C7401007AEB93 /* OpenWeatherApp.app */;
			productType = "com.apple.product-type.application";
		};
		EA18F462212C7405007AEB93 /* OpenWeatherAppTests */ = {
			isa = PBXNativeTarget;
			buildConfigurationList = EA18F46F212C7405007AEB93 /* Build configuration list for PBXNativeTarget "OpenWeatherAppTests" */;
			buildPhases = (
				EA18F45F212C7405007AEB93 /* Sources */,
				EA18F460212C7405007AEB93 /* Frameworks */,
				EA18F461212C7405007AEB93 /* Resources */,
			);
			buildRules = (
			);
			dependencies = (
				EA18F465212C7405007AEB93 /* PBXTargetDependency */,
			);
			name = OpenWeatherAppTests;
			productName = OpenWeatherAppTests;
			productReference = EA18F463212C7405007AEB93 /* OpenWeatherAppTests.xctest */;
			productType = "com.apple.product-type.bundle.unit-test";
		};
/* End PBXNativeTarget section */

/* Begin PBXProject section */
		EA18F443212C7401007AEB93 /* Project object */ = {
			isa = PBXProject;
			attributes = {
				LastSwiftUpdateCheck = 0940;
				LastUpgradeCheck = 0940;
				ORGANIZATIONNAME = "John Kartupelis";
				TargetAttributes = {
					EA18F44A212C7401007AEB93 = {
						CreatedOnToolsVersion = 9.4.1;
					};
					EA18F462212C7405007AEB93 = {
						CreatedOnToolsVersion = 9.4.1;
						TestTargetID = EA18F44A212C7401007AEB93;
					};
				};
			};
			buildConfigurationList = EA18F446212C7401007AEB93 /* Build configuration list for PBXProject "OpenWeatherApp" */;
			compatibilityVersion = "Xcode 9.3";
			developmentRegion = en;
			hasScannedForEncodings = 0;
			knownRegions = (
				en,
				Base,
			);
			mainGroup = EA18F442212C7401007AEB93;
			productRefGroup = EA18F44C212C7401007AEB93 /* Products */;
			projectDirPath = "";
			projectRoot = "";
			targets = (
				EA18F44A212C7401007AEB93 /* OpenWeatherApp */,
				EA18F462212C7405007AEB93 /* OpenWeatherAppTests */,
			);
		};
/* End PBXProject section */

/* Begin PBXResourcesBuildPhase section */
		EA18F449212C7401007AEB93 /* Resources */ = {
			isa = PBXResourcesBuildPhase;
			buildActionMask = 2147483647;
			files = (
				EA18F45D212C7405007AEB93 /* LaunchScreen.storyboard in Resources */,
				EA069B40212DD0300096266C /* HourWeatherCollectionViewCell.xib in Resources */,
				EA069B37212DC08B0096266C /* WeatherDayTableViewCell.xib in Resources */,
				EA18F45A212C7405007AEB93 /* Assets.xcassets in Resources */,
				EA18F458212C7401007AEB93 /* Main.storyboard in Resources */,
			);
			runOnlyForDeploymentPostprocessing = 0;
		};
		EA18F461212C7405007AEB93 /* Resources */ = {
			isa = PBXResourcesBuildPhase;
			buildActionMask = 2147483647;
			files = (
			);
			runOnlyForDeploymentPostprocessing = 0;
		};
/* End PBXResourcesBuildPhase section */

/* Begin PBXSourcesBuildPhase section */
		EA18F447212C7401007AEB93 /* Sources */ = {
			isa = PBXSourcesBuildPhase;
			buildActionMask = 2147483647;
			files = (
				EA18F451212C7401007AEB93 /* RootViewController.swift in Sources */,
				78AFA684212D8537003B6217 /* BaseOpenWeatherService.swift in Sources */,
				EA18F47E212D3981007AEB93 /* URLSessionNetworkStack.swift in Sources */,
				EA069B3E212DCAA90096266C /* WeatherImageLoaderFactory.swift in Sources */,
				78AFA689212D9279003B6217 /* ForecastViewModel.swift in Sources */,
				78AFA68D212DB1FF003B6217 /* ForecastViewModelFactory.swift in Sources */,
				EA069B39212DC0C00096266C /* WeatherDayTableViewCell.swift in Sources */,
				EA18F481212D41A9007AEB93 /* FiveDayForecastService.swift in Sources */,
				EA18F455212C7401007AEB93 /* ModelController.swift in Sources */,
				78AFA68B212D92F4003B6217 /* ObservableField.swift in Sources */,
				EA18F453212C7401007AEB93 /* ForecastViewController.swift in Sources */,
				EA18F473212C7852007AEB93 /* MapViewController.swift in Sources */,
				78AFA686212D85CE003B6217 /* OpenWeatherServiceModel.swift in Sources */,
				78AFA682212D8526003B6217 /* IconService.swift in Sources */,
				EA18F44F212C7401007AEB93 /* AppDelegate.swift in Sources */,
				EA069B42212DD11A0096266C /* HourWeatherCollectionViewCell.swift in Sources */,
				EA069B3C212DC7860096266C /* WeatherImageLoader.swift in Sources */,
				78AFA680212D5964003B6217 /* OpenWeatherCredentials.swift in Sources */,
				EA18F47C212D374C007AEB93 /* NetworkStack.swift in Sources */,
				EA18F47A212D2FFB007AEB93 /* Observables.swift in Sources */,
			);
			runOnlyForDeploymentPostprocessing = 0;
		};
		EA18F45F212C7405007AEB93 /* Sources */ = {
			isa = PBXSourcesBuildPhase;
			buildActionMask = 2147483647;
			files = (
				EA18F468212C7405007AEB93 /* OpenWeatherAppTests.swift in Sources */,
			);
			runOnlyForDeploymentPostprocessing = 0;
		};
/* End PBXSourcesBuildPhase section */

/* Begin PBXTargetDependency section */
		EA18F465212C7405007AEB93 /* PBXTargetDependency */ = {
			isa = PBXTargetDependency;
			target = EA18F44A212C7401007AEB93 /* OpenWeatherApp */;
			targetProxy = EA18F464212C7405007AEB93 /* PBXContainerItemProxy */;
		};
/* End PBXTargetDependency section */

/* Begin PBXVariantGroup section */
		EA18F456212C7401007AEB93 /* Main.storyboard */ = {
			isa = PBXVariantGroup;
			children = (
				EA18F457212C7401007AEB93 /* Base */,
			);
			name = Main.storyboard;
			sourceTree = "<group>";
		};
		EA18F45B212C7405007AEB93 /* LaunchScreen.storyboard */ = {
			isa = PBXVariantGroup;
			children = (
				EA18F45C212C7405007AEB93 /* Base */,
			);
			name = LaunchScreen.storyboard;
			sourceTree = "<group>";
		};
/* End PBXVariantGroup section */

/* Begin XCBuildConfiguration section */
		EA18F46A212C7405007AEB93 /* Debug */ = {
			isa = XCBuildConfiguration;
			buildSettings = {
				ALWAYS_SEARCH_USER_PATHS = NO;
				CLANG_ANALYZER_NONNULL = YES;
				CLANG_ANALYZER_NUMBER_OBJECT_CONVERSION = YES_AGGRESSIVE;
				CLANG_CXX_LANGUAGE_STANDARD = "gnu++14";
				CLANG_CXX_LIBRARY = "libc++";
				CLANG_ENABLE_MODULES = YES;
				CLANG_ENABLE_OBJC_ARC = YES;
				CLANG_ENABLE_OBJC_WEAK = YES;
				CLANG_WARN_BLOCK_CAPTURE_AUTORELEASING = YES;
				CLANG_WARN_BOOL_CONVERSION = YES;
				CLANG_WARN_COMMA = YES;
				CLANG_WARN_CONSTANT_CONVERSION = YES;
				CLANG_WARN_DEPRECATED_OBJC_IMPLEMENTATIONS = YES;
				CLANG_WARN_DIRECT_OBJC_ISA_USAGE = YES_ERROR;
				CLANG_WARN_DOCUMENTATION_COMMENTS = YES;
				CLANG_WARN_EMPTY_BODY = YES;
				CLANG_WARN_ENUM_CONVERSION = YES;
				CLANG_WARN_INFINITE_RECURSION = YES;
				CLANG_WARN_INT_CONVERSION = YES;
				CLANG_WARN_NON_LITERAL_NULL_CONVERSION = YES;
				CLANG_WARN_OBJC_IMPLICIT_RETAIN_SELF = YES;
				CLANG_WARN_OBJC_LITERAL_CONVERSION = YES;
				CLANG_WARN_OBJC_ROOT_CLASS = YES_ERROR;
				CLANG_WARN_RANGE_LOOP_ANALYSIS = YES;
				CLANG_WARN_STRICT_PROTOTYPES = YES;
				CLANG_WARN_SUSPICIOUS_MOVE = YES;
				CLANG_WARN_UNGUARDED_AVAILABILITY = YES_AGGRESSIVE;
				CLANG_WARN_UNREACHABLE_CODE = YES;
				CLANG_WARN__DUPLICATE_METHOD_MATCH = YES;
				CODE_SIGN_IDENTITY = "iPhone Developer";
				COPY_PHASE_STRIP = NO;
				DEBUG_INFORMATION_FORMAT = dwarf;
				ENABLE_STRICT_OBJC_MSGSEND = YES;
				ENABLE_TESTABILITY = YES;
				GCC_C_LANGUAGE_STANDARD = gnu11;
				GCC_DYNAMIC_NO_PIC = NO;
				GCC_NO_COMMON_BLOCKS = YES;
				GCC_OPTIMIZATION_LEVEL = 0;
				GCC_PREPROCESSOR_DEFINITIONS = (
					"DEBUG=1",
					"$(inherited)",
				);
				GCC_WARN_64_TO_32_BIT_CONVERSION = YES;
				GCC_WARN_ABOUT_RETURN_TYPE = YES_ERROR;
				GCC_WARN_UNDECLARED_SELECTOR = YES;
				GCC_WARN_UNINITIALIZED_AUTOS = YES_AGGRESSIVE;
				GCC_WARN_UNUSED_FUNCTION = YES;
				GCC_WARN_UNUSED_VARIABLE = YES;
				IPHONEOS_DEPLOYMENT_TARGET = 11.4;
				MTL_ENABLE_DEBUG_INFO = YES;
				ONLY_ACTIVE_ARCH = YES;
				SDKROOT = iphoneos;
				SWIFT_ACTIVE_COMPILATION_CONDITIONS = DEBUG;
				SWIFT_OPTIMIZATION_LEVEL = "-Onone";
			};
			name = Debug;
		};
		EA18F46B212C7405007AEB93 /* Release */ = {
			isa = XCBuildConfiguration;
			buildSettings = {
				ALWAYS_SEARCH_USER_PATHS = NO;
				CLANG_ANALYZER_NONNULL = YES;
				CLANG_ANALYZER_NUMBER_OBJECT_CONVERSION = YES_AGGRESSIVE;
				CLANG_CXX_LANGUAGE_STANDARD = "gnu++14";
				CLANG_CXX_LIBRARY = "libc++";
				CLANG_ENABLE_MODULES = YES;
				CLANG_ENABLE_OBJC_ARC = YES;
				CLANG_ENABLE_OBJC_WEAK = YES;
				CLANG_WARN_BLOCK_CAPTURE_AUTORELEASING = YES;
				CLANG_WARN_BOOL_CONVERSION = YES;
				CLANG_WARN_COMMA = YES;
				CLANG_WARN_CONSTANT_CONVERSION = YES;
				CLANG_WARN_DEPRECATED_OBJC_IMPLEMENTATIONS = YES;
				CLANG_WARN_DIRECT_OBJC_ISA_USAGE = YES_ERROR;
				CLANG_WARN_DOCUMENTATION_COMMENTS = YES;
				CLANG_WARN_EMPTY_BODY = YES;
				CLANG_WARN_ENUM_CONVERSION = YES;
				CLANG_WARN_INFINITE_RECURSION = YES;
				CLANG_WARN_INT_CONVERSION = YES;
				CLANG_WARN_NON_LITERAL_NULL_CONVERSION = YES;
				CLANG_WARN_OBJC_IMPLICIT_RETAIN_SELF = YES;
				CLANG_WARN_OBJC_LITERAL_CONVERSION = YES;
				CLANG_WARN_OBJC_ROOT_CLASS = YES_ERROR;
				CLANG_WARN_RANGE_LOOP_ANALYSIS = YES;
				CLANG_WARN_STRICT_PROTOTYPES = YES;
				CLANG_WARN_SUSPICIOUS_MOVE = YES;
				CLANG_WARN_UNGUARDED_AVAILABILITY = YES_AGGRESSIVE;
				CLANG_WARN_UNREACHABLE_CODE = YES;
				CLANG_WARN__DUPLICATE_METHOD_MATCH = YES;
				CODE_SIGN_IDENTITY = "iPhone Developer";
				COPY_PHASE_STRIP = NO;
				DEBUG_INFORMATION_FORMAT = "dwarf-with-dsym";
				ENABLE_NS_ASSERTIONS = NO;
				ENABLE_STRICT_OBJC_MSGSEND = YES;
				GCC_C_LANGUAGE_STANDARD = gnu11;
				GCC_NO_COMMON_BLOCKS = YES;
				GCC_WARN_64_TO_32_BIT_CONVERSION = YES;
				GCC_WARN_ABOUT_RETURN_TYPE = YES_ERROR;
				GCC_WARN_UNDECLARED_SELECTOR = YES;
				GCC_WARN_UNINITIALIZED_AUTOS = YES_AGGRESSIVE;
				GCC_WARN_UNUSED_FUNCTION = YES;
				GCC_WARN_UNUSED_VARIABLE = YES;
				IPHONEOS_DEPLOYMENT_TARGET = 11.4;
				MTL_ENABLE_DEBUG_INFO = NO;
				SDKROOT = iphoneos;
				SWIFT_COMPILATION_MODE = wholemodule;
				SWIFT_OPTIMIZATION_LEVEL = "-O";
				VALIDATE_PRODUCT = YES;
			};
			name = Release;
		};
		EA18F46D212C7405007AEB93 /* Debug */ = {
			isa = XCBuildConfiguration;
			buildSettings = {
				ASSETCATALOG_COMPILER_APPICON_NAME = AppIcon;
				CODE_SIGN_STYLE = Automatic;
				INFOPLIST_FILE = OpenWeatherApp/Info.plist;
				LD_RUNPATH_SEARCH_PATHS = (
					"$(inherited)",
					"@executable_path/Frameworks",
				);
				PRODUCT_BUNDLE_IDENTIFIER = onepointsixtwo.OpenWeatherApp;
				PRODUCT_NAME = "$(TARGET_NAME)";
				SWIFT_VERSION = 4.0;
				TARGETED_DEVICE_FAMILY = "1,2";
			};
			name = Debug;
		};
		EA18F46E212C7405007AEB93 /* Release */ = {
			isa = XCBuildConfiguration;
			buildSettings = {
				ASSETCATALOG_COMPILER_APPICON_NAME = AppIcon;
				CODE_SIGN_STYLE = Automatic;
				INFOPLIST_FILE = OpenWeatherApp/Info.plist;
				LD_RUNPATH_SEARCH_PATHS = (
					"$(inherited)",
					"@executable_path/Frameworks",
				);
				PRODUCT_BUNDLE_IDENTIFIER = onepointsixtwo.OpenWeatherApp;
				PRODUCT_NAME = "$(TARGET_NAME)";
				SWIFT_VERSION = 4.0;
				TARGETED_DEVICE_FAMILY = "1,2";
			};
			name = Release;
		};
		EA18F470212C7405007AEB93 /* Debug */ = {
			isa = XCBuildConfiguration;
			buildSettings = {
				ALWAYS_EMBED_SWIFT_STANDARD_LIBRARIES = YES;
				BUNDLE_LOADER = "$(TEST_HOST)";
				CODE_SIGN_STYLE = Automatic;
				INFOPLIST_FILE = OpenWeatherAppTests/Info.plist;
				LD_RUNPATH_SEARCH_PATHS = (
					"$(inherited)",
					"@executable_path/Frameworks",
					"@loader_path/Frameworks",
				);
				PRODUCT_BUNDLE_IDENTIFIER = onepointsixtwo.OpenWeatherAppTests;
				PRODUCT_NAME = "$(TARGET_NAME)";
				SWIFT_VERSION = 4.0;
				TARGETED_DEVICE_FAMILY = "1,2";
				TEST_HOST = "$(BUILT_PRODUCTS_DIR)/OpenWeatherApp.app/OpenWeatherApp";
			};
			name = Debug;
		};
		EA18F471212C7405007AEB93 /* Release */ = {
			isa = XCBuildConfiguration;
			buildSettings = {
				ALWAYS_EMBED_SWIFT_STANDARD_LIBRARIES = YES;
				BUNDLE_LOADER = "$(TEST_HOST)";
				CODE_SIGN_STYLE = Automatic;
				INFOPLIST_FILE = OpenWeatherAppTests/Info.plist;
				LD_RUNPATH_SEARCH_PATHS = (
					"$(inherited)",
					"@executable_path/Frameworks",
					"@loader_path/Frameworks",
				);
				PRODUCT_BUNDLE_IDENTIFIER = onepointsixtwo.OpenWeatherAppTests;
				PRODUCT_NAME = "$(TARGET_NAME)";
				SWIFT_VERSION = 4.0;
				TARGETED_DEVICE_FAMILY = "1,2";
				TEST_HOST = "$(BUILT_PRODUCTS_DIR)/OpenWeatherApp.app/OpenWeatherApp";
			};
			name = Release;
		};
/* End XCBuildConfiguration section */

/* Begin XCConfigurationList section */
		EA18F446212C7401007AEB93 /* Build configuration list for PBXProject "OpenWeatherApp" */ = {
			isa = XCConfigurationList;
			buildConfigurations = (
				EA18F46A212C7405007AEB93 /* Debug */,
				EA18F46B212C7405007AEB93 /* Release */,
			);
			defaultConfigurationIsVisible = 0;
			defaultConfigurationName = Release;
		};
		EA18F46C212C7405007AEB93 /* Build configuration list for PBXNativeTarget "OpenWeatherApp" */ = {
			isa = XCConfigurationList;
			buildConfigurations = (
				EA18F46D212C7405007AEB93 /* Debug */,
				EA18F46E212C7405007AEB93 /* Release */,
			);
			defaultConfigurationIsVisible = 0;
			defaultConfigurationName = Release;
		};
		EA18F46F212C7405007AEB93 /* Build configuration list for PBXNativeTarget "OpenWeatherAppTests" */ = {
			isa = XCConfigurationList;
			buildConfigurations = (
				EA18F470212C7405007AEB93 /* Debug */,
				EA18F471212C7405007AEB93 /* Release */,
			);
			defaultConfigurationIsVisible = 0;
			defaultConfigurationName = Release;
		};
/* End XCConfigurationList section */
	};
	rootObject = EA18F443212C7401007AEB93 /* Project object */;
}
